
Microsoft Visual Studio Solution File, Format Version 12.00
# Visual Studio 2012
Project("{F184B08F-C81C-45F6-A57F-5ABD9991F28F}") = "MiniCalc", "MiniCalc\MiniCalc.vbproj", "{BCC73301-56BC-4F3E-95EC-0153F84FBC0B}"
EndProject
Global
	GlobalSection(SolutionConfigurationPlatforms) = preSolution
		Debug|Any CPU = Debug|Any CPU
		Release|Any CPU = Release|Any CPU
	EndGlobalSection
	GlobalSection(ProjectConfigurationPlatforms) = postSolution
		{BCC73301-56BC-4F3E-95EC-0153F84FBC0B}.Debug|Any CPU.ActiveCfg = Debug|Any CPU
		{BCC73301-56BC-4F3E-95EC-0153F84FBC0B}.Debug|Any CPU.Build.0 = Debug|Any CPU
		{BCC73301-56BC-4F3E-95EC-0153F84FBC0B}.Release|Any CPU.ActiveCfg = Release|Any CPU
		{BCC73301-56BC-4F3E-95EC-0153F84FBC0B}.Release|Any CPU.Build.0 = Release|Any CPU
	EndGlobalSection
	GlobalSection(SolutionProperties) = preSolution
		HideSolutionNode = FALSE
	EndGlobalSection
EndGlobal
